{
  "version": 4,
  "terraform_version": "1.5.7",
  "serial": 9,
  "lineage": "13a7f546-2486-850f-e966-97f48a973edc",
  "outputs": {},
  "resources": [
    {
      "mode": "managed",
      "type": "azurerm_network_security_group",
      "name": "example",
      "provider": "provider[\"registry.terraform.io/hashicorp/azurerm\"]",
      "instances": [
        {
          "schema_version": 0,
          "attributes": {
            "id": "/subscriptions/ecc39a02-b9ec-49e6-8347-da925b758228/resourceGroups/LB-RG/providers/Microsoft.Network/networkSecurityGroups/example-security-group",
            "location": "westeurope",
            "name": "example-security-group",
            "resource_group_name": "LB-RG",
            "security_rule": [],
            "tags": null,
            "timeouts": null
          },
          "sensitive_attributes": [],
          "private": "eyJlMmJmYjczMC1lY2FhLTExZTYtOGY4OC0zNDM2M2JjN2M0YzAiOnsiY3JlYXRlIjoxODAwMDAwMDAwMDAwLCJkZWxldGUiOjE4MDAwMDAwMDAwMDAsInJlYWQiOjMwMDAwMDAwMDAwMCwidXBkYXRlIjoxODAwMDAwMDAwMDAwfX0="
        }
      ]
    },
    {
      "mode": "managed",
      "type": "azurerm_virtual_network",
      "name": "VNET",
      "provider": "provider[\"registry.terraform.io/hashicorp/azurerm\"]",
      "instances": [
        {
          "schema_version": 0,
          "attributes": {
            "address_space": [
              "10.0.0.0/16"
            ],
            "bgp_community": "",
            "ddos_protection_plan": [],
            "dns_servers": [],
            "edge_zone": "",
            "encryption": [],
            "flow_timeout_in_minutes": 0,
            "guid": "5abeab08-1089-4357-be4a-50dc19f25547",
            "id": "/subscriptions/ecc39a02-b9ec-49e6-8347-da925b758228/resourceGroups/LB-RG/providers/Microsoft.Network/virtualNetworks/VNET1",
            "location": "westeurope",
            "name": "VNET1",
            "resource_group_name": "LB-RG",
            "subnet": [
              {
                "address_prefix": "10.0.1.0/24",
                "id": "/subscriptions/ecc39a02-b9ec-49e6-8347-da925b758228/resourceGroups/LB-RG/providers/Microsoft.Network/virtualNetworks/VNET1/subnets/subnet1",
                "name": "subnet1",
                "security_group": ""
              },
              {
                "address_prefix": "10.0.2.0/24",
                "id": "/subscriptions/ecc39a02-b9ec-49e6-8347-da925b758228/resourceGroups/LB-RG/providers/Microsoft.Network/virtualNetworks/VNET1/subnets/subnet2",
                "name": "subnet2",
                "security_group": "/subscriptions/ecc39a02-b9ec-49e6-8347-da925b758228/resourceGroups/LB-RG/providers/Microsoft.Network/networkSecurityGroups/example-security-group"
              }
            ],
            "tags": {
              "environment": "TEST"
            },
            "timeouts": null
          },
          "sensitive_attributes": [],
          "private": "eyJlMmJmYjczMC1lY2FhLTExZTYtOGY4OC0zNDM2M2JjN2M0YzAiOnsiY3JlYXRlIjoxODAwMDAwMDAwMDAwLCJkZWxldGUiOjE4MDAwMDAwMDAwMDAsInJlYWQiOjMwMDAwMDAwMDAwMCwidXBkYXRlIjoxODAwMDAwMDAwMDAwfX0=",
          "dependencies": [
            "azurerm_network_security_group.example"
          ]
        }
      ]
    }
  ],
  "check_results": null
}
