{
  "version": 4,
  "terraform_version": "1.5.7",
  "serial": 2,
  "lineage": "1f5694ab-6dea-e709-079c-9a8ef283d789",
  "outputs": {
    "rg": {
      "value": [
        "/subscriptions/9864e02d-72a7-4373-8ddd-f7cf57233f42/resourceGroups/rgcode",
        "/subscriptions/9864e02d-72a7-4373-8ddd-f7cf57233f42/resourceGroups/rgcode1"
      ],
      "type": [
        "tuple",
        [
          "string",
          "string"
        ]
      ]
    }
  },
  "resources": [
    {
      "mode": "managed",
      "type": "azurerm_resource_group",
      "name": "example",
      "provider": "provider[\"registry.terraform.io/hashicorp/azurerm\"]",
      "instances": [
        {
          "index_key": "rg1",
          "schema_version": 0,
          "attributes": {
            "id": "/subscriptions/9864e02d-72a7-4373-8ddd-f7cf57233f42/resourceGroups/rgcode",
            "location": "eastus",
            "managed_by": "",
            "name": "rgcode",
            "tags": null,
            "timeouts": null
          },
          "sensitive_attributes": [],
          "private": "eyJlMmJmYjczMC1lY2FhLTExZTYtOGY4OC0zNDM2M2JjN2M0YzAiOnsiY3JlYXRlIjo1NDAwMDAwMDAwMDAwLCJkZWxldGUiOjU0MDAwMDAwMDAwMDAsInJlYWQiOjMwMDAwMDAwMDAwMCwidXBkYXRlIjo1NDAwMDAwMDAwMDAwfX0="
        },
        {
          "index_key": "rg2",
          "schema_version": 0,
          "attributes": {
            "id": "/subscriptions/9864e02d-72a7-4373-8ddd-f7cf57233f42/resourceGroups/rgcode1",
            "location": "eastus",
            "managed_by": "",
            "name": "rgcode1",
            "tags": null,
            "timeouts": null
          },
          "sensitive_attributes": [],
          "private": "eyJlMmJmYjczMC1lY2FhLTExZTYtOGY4OC0zNDM2M2JjN2M0YzAiOnsiY3JlYXRlIjo1NDAwMDAwMDAwMDAwLCJkZWxldGUiOjU0MDAwMDAwMDAwMDAsInJlYWQiOjMwMDAwMDAwMDAwMCwidXBkYXRlIjo1NDAwMDAwMDAwMDAwfX0="
        }
      ]
    }
  ],
  "check_results": null
}
